# Minimum supported host toolchain plus reviewed fallback artifacts for the first server
# qualification target. This file is shell data consumed only from the reviewed source checkout.
# The *_VERSION values identify Melloa-downloaded fallback artifacts; host tools may be newer.
MELLOA_SUPPORTED_HOSTS='debian-13-trixie ubuntu-24.04-noble pop-24.04-noble'
MELLOA_SERVER_ARCHITECTURE=amd64
MELLOA_DEBIAN_TEST_IMAGE='debian:13-slim@sha256:3a39a0592364683e6bab97937b72cad5a8fa6dcbbee90edb3bb48c7f8e94f258'
MELLOA_UBUNTU_TEST_IMAGE='ubuntu:24.04@sha256:33ceb71981b602c1a7443a53469e4dba065f7503eab3078a2d7a57a2ab987517'
MELLOA_DOCKER_APT_KEY_FINGERPRINT=9DC858229FC7DD38854AE2D88D81803C0EBFCD88
MELLOA_DOCKER_COMPOSE_MIN_VERSION=2.27.0
MELLOA_PYTHON_MIN_VERSION=3.13.3
MELLOA_PYTHON_VERSION=3.13.7
MELLOA_NODE_MIN_VERSION=22.18.0
MELLOA_NODE_VERSION=22.18.0
MELLOA_NODE_SHA256=c1bfeecf1d7404fa74728f9db72e697decbd8119ccc6f5a294d795756dfcfca7
MELLOA_NPM_MIN_VERSION=10.9.3
MELLOA_GO_VERSION=1.27.0
MELLOA_GO_MIN_VERSION=1.27.0
MELLOA_GO_SHA256=675c26c449cbb18fc24b74650de1eabbae6e16f64326fd85a283fb3b58280685
MELLOA_UV_MIN_VERSION=0.12.0
MELLOA_UV_VERSION=0.12.0
MELLOA_UV_SHA256=eaf842262aa1c418d8ecc5605f02ee1ebfd369124fa48548e85f9481a47831a9
# Codex is an intentional exact-version exception: its sandbox and approval CLI contract protects
# the bounded self-change worker. It is installed only in Melloa's private toolchain directory.
MELLOA_CODEX_CLI_VERSION=0.147.0
MELLOA_CODEX_NPM_INTEGRITY='sha512-EQLEXecAG2ptxI7UpBMo2TR/ga5596/c/OsYF/0LoUDh5JANZ7IoGqlzBEWbuEVQ76JePIbtTW/ihCkp1a7Z3w=='
MELLOA_CODEX_LINUX_X64_NPM_INTEGRITY='sha512-0W9MBxPpWW0cSkNqrTDN2jR7rzzT7oNMhQY5446lT2Lw5cz5yhDTck4Va9rjkQEm+HlFzP/dmEMSZbXfJsINmw=='
